
Microsoft Visual Studio Solution File, Format Version 12.00
# Visual Studio Version 17
VisualStudioVersion = 17.7.34031.279
MinimumVisualStudioVersion = 10.0.40219.1
Project("{FAE04EC0-301F-11D3-BF4B-00C04F79EFBC}") = "EntityFrameworkCore_Task", "EntityFrameworkCore_Task\EntityFrameworkCore_Task.csproj", "{FBB87F3F-26AB-4DD8-8B29-E4164D538AC8}"
EndProject
Global
	GlobalSection(SolutionConfigurationPlatforms) = preSolution
		Debug|Any CPU = Debug|Any CPU
		Release|Any CPU = Release|Any CPU
	EndGlobalSection
	GlobalSection(ProjectConfigurationPlatforms) = postSolution
		{FBB87F3F-26AB-4DD8-8B29-E4164D538AC8}.Debug|Any CPU.ActiveCfg = Debug|Any CPU
		{FBB87F3F-26AB-4DD8-8B29-E4164D538AC8}.Debug|Any CPU.Build.0 = Debug|Any CPU
		{FBB87F3F-26AB-4DD8-8B29-E4164D538AC8}.Release|Any CPU.ActiveCfg = Release|Any CPU
		{FBB87F3F-26AB-4DD8-8B29-E4164D538AC8}.Release|Any CPU.Build.0 = Release|Any CPU
	EndGlobalSection
	GlobalSection(SolutionProperties) = preSolution
		HideSolutionNode = FALSE
	EndGlobalSection
	GlobalSection(ExtensibilityGlobals) = postSolution
		SolutionGuid = {FCB58CC2-B880-44E3-B5D8-12DD9F2247F8}
	EndGlobalSection
EndGlobal
